// !$*UTF8*$!
{
	archiveVersion = 1;
	classes = {
	};
	objectVersion = 46;
	objects = {

/* Begin PBXBuildFile section */
		07E554EA1D4A058C009FCD4C /* AppDelegate.swift in Sources */ = {isa = PBXBuildFile; fileRef = 07E554E91D4A058C009FCD4C /* AppDelegate.swift */; };
		07E554EC1D4A058C009FCD4C /* ViewController.swift in Sources */ = {isa = PBXBuildFile; fileRef = 07E554EB1D4A058C009FCD4C /* ViewController.swift */; };
		07E554EE1D4A058C009FCD4C /* Assets.xcassets in Resources */ = {isa = PBXBuildFile; fileRef = 07E554ED1D4A058C009FCD4C /* Assets.xcassets */; };
		07E554F11D4A058C009FCD4C /* Main.storyboard in Resources */ = {isa = PBXBuildFile; fileRef = 07E554EF1D4A058C009FCD4C /* Main.storyboard */; };
/* End PBXBuildFile section */

/* Begin PBXFileReference section */
		07E554E61D4A058C009FCD4C /* meteoPi_macOS.app */ = {isa = PBXFileReference; explicitFileType = wrapper.application; includeInIndex = 0; path = meteoPi_macOS.app; sourceTree = BUILT_PRODUCTS_DIR; };
		07E554E91D4A058C009FCD4C /* AppDelegate.swift */ = {isa = PBXFileReference; lastKnownFileType = sourcecode.swift; path = AppDelegate.swift; sourceTree = "<group>"; };
		07E554EB1D4A058C009FCD4C /* ViewController.swift */ = {isa = PBXFileReference; lastKnownFileType = sourcecode.swift; path = ViewController.swift; sourceTree = "<group>"; };
		07E554ED1D4A058C009FCD4C /* Assets.xcassets */ = {isa = PBXFileReference; lastKnownFileType = folder.assetcatalog; path = Assets.xcassets; sourceTree = "<group>"; };
		07E554F01D4A058C009FCD4C /* Base */ = {isa = PBXFileReference; lastKnownFileType = file.storyboard; name = Base; path = Base.lproj/Main.storyboard; sourceTree = "<group>"; };
		07E554F21D4A058C009FCD4C /* Info.plist */ = {isa = PBXFileReference; lastKnownFileType = text.plist.xml; path = Info.plist; sourceTree = "<group>"; };
/* End PBXFileReference section */

/* Begin PBXFrameworksBuildPhase section */
		07E554E31D4A058C009FCD4C /* Frameworks */ = {
			isa = PBXFrameworksBuildPhase;
			buildActionMask = 2147483647;
			files = (
			);
			runOnlyForDeploymentPostprocessing = 0;
		};
/* End PBXFrameworksBuildPhase section */

/* Begin PBXGroup section */
		07E554DD1D4A058C009FCD4C = {
			isa = PBXGroup;
			children = (
				07E554E81D4A058C009FCD4C /* meteoPi_macOS */,
				07E554E71D4A058C009FCD4C /* Products */,
			);
			sourceTree = "<group>";
		};
		07E554E71D4A058C009FCD4C /* Products */ = {
			isa = PBXGroup;
			children = (
				07E554E61D4A058C009FCD4C /* meteoPi_macOS.app */,
			);
			name = Products;
			sourceTree = "<group>";
		};
		07E554E81D4A058C009FCD4C /* meteoPi_macOS */ = {
			isa = PBXGroup;
			children = (
				07E554E91D4A058C009FCD4C /* AppDelegate.swift */,
				07E554EB1D4A058C009FCD4C /* ViewController.swift */,
				07E554ED1D4A058C009FCD4C /* Assets.xcassets */,
				07E554EF1D4A058C009FCD4C /* Main.storyboard */,
				07E554F21D4A058C009FCD4C /* Info.plist */,
			);
			path = meteoPi_macOS;
			sourceTree = "<group>";
		};
/* End PBXGroup section */

/* Begin PBXNativeTarget section */
		07E554E51D4A058C009FCD4C /* meteoPi_macOS */ = {
			isa = PBXNativeTarget;
			buildConfigurationList = 07E554F51D4A058C009FCD4C /* Build configuration list for PBXNativeTarget "meteoPi_macOS" */;
			buildPhases = (
				07E554E21D4A058C009FCD4C /* Sources */,
				07E554E31D4A058C009FCD4C /* Frameworks */,
				07E554E41D4A058C009FCD4C /* Resources */,
			);
			buildRules = (
			);
			dependencies = (
			);
			name = meteoPi_macOS;
			productName = meteoPi_macOS;
			productReference = 07E554E61D4A058C009FCD4C /* meteoPi_macOS.app */;
			productType = "com.apple.product-type.application";
		};
/* End PBXNativeTarget section */

/* Begin PBXProject section */
		07E554DE1D4A058C009FCD4C /* Project object */ = {
			isa = PBXProject;
			attributes = {
				LastSwiftUpdateCheck = 0730;
				LastUpgradeCheck = 0730;
				ORGANIZATIONNAME = "Lukáš Stankovič";
				TargetAttributes = {
					07E554E51D4A058C009FCD4C = {
						CreatedOnToolsVersion = 7.3.1;
						DevelopmentTeam = DSEHBKSB68;
					};
				};
			};
			buildConfigurationList = 07E554E11D4A058C009FCD4C /* Build configuration list for PBXProject "meteoPi_macOS" */;
			compatibilityVersion = "Xcode 3.2";
			developmentRegion = English;
			hasScannedForEncodings = 0;
			knownRegions = (
				en,
				Base,
			);
			mainGroup = 07E554DD1D4A058C009FCD4C;
			productRefGroup = 07E554E71D4A058C009FCD4C /* Products */;
			projectDirPath = "";
			projectRoot = "";
			targets = (
				07E554E51D4A058C009FCD4C /* meteoPi_macOS */,
			);
		};
/* End PBXProject section */

/* Begin PBXResourcesBuildPhase section */
		07E554E41D4A058C009FCD4C /* Resources */ = {
			isa = PBXResourcesBuildPhase;
			buildActionMask = 2147483647;
			files = (
				07E554EE1D4A058C009FCD4C /* Assets.xcassets in Resources */,
				07E554F11D4A058C009FCD4C /* Main.storyboard in Resources */,
			);
			runOnlyForDeploymentPostprocessing = 0;
		};
/* End PBXResourcesBuildPhase section */

/* Begin PBXSourcesBuildPhase section */
		07E554E21D4A058C009FCD4C /* Sources */ = {
			isa = PBXSourcesBuildPhase;
			buildActionMask = 2147483647;
			files = (
				07E554EC1D4A058C009FCD4C /* ViewController.swift in Sources */,
				07E554EA1D4A058C009FCD4C /* AppDelegate.swift in Sources */,
			);
			runOnlyForDeploymentPostprocessing = 0;
		};
/* End PBXSourcesBuildPhase section */

/* Begin PBXVariantGroup section */
		07E554EF1D4A058C009FCD4C /* Main.storyboard */ = {
			isa = PBXVariantGroup;
			children = (
				07E554F01D4A058C009FCD4C /* Base */,
			);
			name = Main.storyboard;
			sourceTree = "<group>";
		};
/* End PBXVariantGroup section */

/* Begin XCBuildConfiguration section */
		07E554F31D4A058C009FCD4C /* Debug */ = {
			isa = XCBuildConfiguration;
			buildSettings = {
				ALWAYS_SEARCH_USER_PATHS = NO;
				CLANG_ANALYZER_NONNULL = YES;
				CLANG_CXX_LANGUAGE_STANDARD = "gnu++0x";
				CLANG_CXX_LIBRARY = "libc++";
				CLANG_ENABLE_MODULES = YES;
				CLANG_ENABLE_OBJC_ARC = YES;
				CLANG_WARN_BOOL_CONVERSION = YES;
				CLANG_WARN_CONSTANT_CONVERSION = YES;
				CLANG_WARN_DIRECT_OBJC_ISA_USAGE = YES_ERROR;
				CLANG_WARN_EMPTY_BODY = YES;
				CLANG_WARN_ENUM_CONVERSION = YES;
				CLANG_WARN_INT_CONVERSION = YES;
				CLANG_WARN_OBJC_ROOT_CLASS = YES_ERROR;
				CLANG_WARN_UNREACHABLE_CODE = YES;
				CLANG_WARN__DUPLICATE_METHOD_MATCH = YES;
				CODE_SIGN_IDENTITY = "-";
				COPY_PHASE_STRIP = NO;
				DEBUG_INFORMATION_FORMAT = dwarf;
				ENABLE_STRICT_OBJC_MSGSEND = YES;
				ENABLE_TESTABILITY = YES;
				GCC_C_LANGUAGE_STANDARD = gnu99;
				GCC_DYNAMIC_NO_PIC = NO;
				GCC_NO_COMMON_BLOCKS = YES;
				GCC_OPTIMIZATION_LEVEL = 0;
				GCC_PREPROCESSOR_DEFINITIONS = (
					"DEBUG=1",
					"$(inherited)",
				);
				GCC_WARN_64_TO_32_BIT_CONVERSION = YES;
				GCC_WARN_ABOUT_RETURN_TYPE = YES_ERROR;
				GCC_WARN_UNDECLARED_SELECTOR = YES;
				GCC_WARN_UNINITIALIZED_AUTOS = YES_AGGRESSIVE;
				GCC_WARN_UNUSED_FUNCTION = YES;
				GCC_WARN_UNUSED_VARIABLE = YES;
				MACOSX_DEPLOYMENT_TARGET = 10.11;
				MTL_ENABLE_DEBUG_INFO = YES;
				ONLY_ACTIVE_ARCH = YES;
				SDKROOT = macosx;
				SWIFT_OPTIMIZATION_LEVEL = "-Onone";
			};
			name = Debug;
		};
		07E554F41D4A058C009FCD4C /* Release */ = {
			isa = XCBuildConfiguration;
			buildSettings = {
				ALWAYS_SEARCH_USER_PATHS = NO;
				CLANG_ANALYZER_NONNULL = YES;
				CLANG_CXX_LANGUAGE_STANDARD = "gnu++0x";
				CLANG_CXX_LIBRARY = "libc++";
				CLANG_ENABLE_MODULES = YES;
				CLANG_ENABLE_OBJC_ARC = YES;
				CLANG_WARN_BOOL_CONVERSION = YES;
				CLANG_WARN_CONSTANT_CONVERSION = YES;
				CLANG_WARN_DIRECT_OBJC_ISA_USAGE = YES_ERROR;
				CLANG_WARN_EMPTY_BODY = YES;
				CLANG_WARN_ENUM_CONVERSION = YES;
				CLANG_WARN_INT_CONVERSION = YES;
				CLANG_WARN_OBJC_ROOT_CLASS = YES_ERROR;
				CLANG_WARN_UNREACHABLE_CODE = YES;
				CLANG_WARN__DUPLICATE_METHOD_MATCH = YES;
				CODE_SIGN_IDENTITY = "-";
				COPY_PHASE_STRIP = NO;
				DEBUG_INFORMATION_FORMAT = "dwarf-with-dsym";
				ENABLE_NS_ASSERTIONS = NO;
				ENABLE_STRICT_OBJC_MSGSEND = YES;
				GCC_C_LANGUAGE_STANDARD = gnu99;
				GCC_NO_COMMON_BLOCKS = YES;
				GCC_WARN_64_TO_32_BIT_CONVERSION = YES;
				GCC_WARN_ABOUT_RETURN_TYPE = YES_ERROR;
				GCC_WARN_UNDECLARED_SELECTOR = YES;
				GCC_WARN_UNINITIALIZED_AUTOS = YES_AGGRESSIVE;
				GCC_WARN_UNUSED_FUNCTION = YES;
				GCC_WARN_UNUSED_VARIABLE = YES;
				MACOSX_DEPLOYMENT_TARGET = 10.11;
				MTL_ENABLE_DEBUG_INFO = NO;
				SDKROOT = macosx;
			};
			name = Release;
		};
		07E554F61D4A058C009FCD4C /* Debug */ = {
			isa = XCBuildConfiguration;
			buildSettings = {
				ASSETCATALOG_COMPILER_APPICON_NAME = AppIcon;
				COMBINE_HIDPI_IMAGES = YES;
				INFOPLIST_FILE = meteoPi_macOS/Info.plist;
				LD_RUNPATH_SEARCH_PATHS = "$(inherited) @executable_path/../Frameworks";
				PRODUCT_BUNDLE_IDENTIFIER = "lukstankovic.meteoPi-macOS";
				PRODUCT_NAME = "$(TARGET_NAME)";
			};
			name = Debug;
		};
		07E554F71D4A058C009FCD4C /* Release */ = {
			isa = XCBuildConfiguration;
			buildSettings = {
				ASSETCATALOG_COMPILER_APPICON_NAME = AppIcon;
				COMBINE_HIDPI_IMAGES = YES;
				INFOPLIST_FILE = meteoPi_macOS/Info.plist;
				LD_RUNPATH_SEARCH_PATHS = "$(inherited) @executable_path/../Frameworks";
				PRODUCT_BUNDLE_IDENTIFIER = "lukstankovic.meteoPi-macOS";
				PRODUCT_NAME = "$(TARGET_NAME)";
			};
			name = Release;
		};
/* End XCBuildConfiguration section */

/* Begin XCConfigurationList section */
		07E554E11D4A058C009FCD4C /* Build configuration list for PBXProject "meteoPi_macOS" */ = {
			isa = XCConfigurationList;
			buildConfigurations = (
				07E554F31D4A058C009FCD4C /* Debug */,
				07E554F41D4A058C009FCD4C /* Release */,
			);
			defaultConfigurationIsVisible = 0;
			defaultConfigurationName = Release;
		};
		07E554F51D4A058C009FCD4C /* Build configuration list for PBXNativeTarget "meteoPi_macOS" */ = {
			isa = XCConfigurationList;
			buildConfigurations = (
				07E554F61D4A058C009FCD4C /* Debug */,
				07E554F71D4A058C009FCD4C /* Release */,
			);
			defaultConfigurationIsVisible = 0;
			defaultConfigurationName = Release;
		};
/* End XCConfigurationList section */
	};
	rootObject = 07E554DE1D4A058C009FCD4C /* Project object */;
}
